Microsoft Visual Studio Solution File, Format Version 12.00
# Visual Studio Version 17
VisualStudioVersion = 17.5.2.0
MinimumVisualStudioVersion = 10.0.40219.1
Project("{FAE04EC0-301F-11D3-BF4B-00C04F79EFBC}") = "HospitalApp", "HospitalApp.csproj", "{46E1D6DE-9A17-6DAD-3DEB-EF913962E8BC}"
EndProject
Global
	GlobalSection(SolutionConfigurationPlatforms) = preSolution
		Debug|Any CPU = Debug|Any CPU
		Release|Any CPU = Release|Any CPU
	EndGlobalSection
	GlobalSection(ProjectConfigurationPlatforms) = postSolution
		{46E1D6DE-9A17-6DAD-3DEB-EF913962E8BC}.Debug|Any CPU.ActiveCfg = Debug|Any CPU
		{46E1D6DE-9A17-6DAD-3DEB-EF913962E8BC}.Debug|Any CPU.Build.0 = Debug|Any CPU
		{46E1D6DE-9A17-6DAD-3DEB-EF913962E8BC}.Release|Any CPU.ActiveCfg = Release|Any CPU
		{46E1D6DE-9A17-6DAD-3DEB-EF913962E8BC}.Release|Any CPU.Build.0 = Release|Any CPU
	EndGlobalSection
	GlobalSection(SolutionProperties) = preSolution
		HideSolutionNode = FALSE
	EndGlobalSection
	GlobalSection(ExtensibilityGlobals) = postSolution
		SolutionGuid = {5E514D06-8070-43CF-AE2C-E74996D59ECB}
	EndGlobalSection
EndGlobal
